
Microsoft Visual Studio Solution File, Format Version 12.00
Project("{FAE04EC0-301F-11D3-BF4B-00C04F79EFBC}") = "Task-1", "Task-1\Task-1.csproj", "{80DAFA30-5337-4A16-9559-694F6F28FCEC}"
EndProject
Project("{FAE04EC0-301F-11D3-BF4B-00C04F79EFBC}") = "Task-2", "Task-2\Task-2.csproj", "{B4677434-D643-44FE-9030-A8EB4FEDCD9C}"
EndProject
Project("{FAE04EC0-301F-11D3-BF4B-00C04F79EFBC}") = "Task-3", "Task-3\Task-3.csproj", "{39A05BB3-365C-421F-9DBB-FB38AAA1C29B}"
EndProject
Project("{FAE04EC0-301F-11D3-BF4B-00C04F79EFBC}") = "Task-4", "Task-4\Task-4.csproj", "{9825243D-861E-453B-8A97-E2830D5E1F38}"
EndProject
Project("{FAE04EC0-301F-11D3-BF4B-00C04F79EFBC}") = "Task-5", "Task-5\Task-5.csproj", "{C09BA531-4BDB-423E-B9F5-FD44FD8288B7}"
EndProject
Project("{FAE04EC0-301F-11D3-BF4B-00C04F79EFBC}") = "Task-6", "Task-6\Task-6.csproj", "{38627C6D-28A4-4161-80A2-962C3C8ECB76}"
EndProject
Project("{FAE04EC0-301F-11D3-BF4B-00C04F79EFBC}") = "Task-7", "Task-7\Task-7.csproj", "{B07C976D-4FDF-4C90-AB6F-ED4BB77AAACB}"
EndProject
Global
	GlobalSection(SolutionConfigurationPlatforms) = preSolution
		Debug|Any CPU = Debug|Any CPU
		Release|Any CPU = Release|Any CPU
	EndGlobalSection
	GlobalSection(ProjectConfigurationPlatforms) = postSolution
		{80DAFA30-5337-4A16-9559-694F6F28FCEC}.Debug|Any CPU.ActiveCfg = Debug|Any CPU
		{80DAFA30-5337-4A16-9559-694F6F28FCEC}.Debug|Any CPU.Build.0 = Debug|Any CPU
		{80DAFA30-5337-4A16-9559-694F6F28FCEC}.Release|Any CPU.ActiveCfg = Release|Any CPU
		{80DAFA30-5337-4A16-9559-694F6F28FCEC}.Release|Any CPU.Build.0 = Release|Any CPU
		{B4677434-D643-44FE-9030-A8EB4FEDCD9C}.Debug|Any CPU.ActiveCfg = Debug|Any CPU
		{B4677434-D643-44FE-9030-A8EB4FEDCD9C}.Debug|Any CPU.Build.0 = Debug|Any CPU
		{B4677434-D643-44FE-9030-A8EB4FEDCD9C}.Release|Any CPU.ActiveCfg = Release|Any CPU
		{B4677434-D643-44FE-9030-A8EB4FEDCD9C}.Release|Any CPU.Build.0 = Release|Any CPU
		{39A05BB3-365C-421F-9DBB-FB38AAA1C29B}.Debug|Any CPU.ActiveCfg = Debug|Any CPU
		{39A05BB3-365C-421F-9DBB-FB38AAA1C29B}.Debug|Any CPU.Build.0 = Debug|Any CPU
		{39A05BB3-365C-421F-9DBB-FB38AAA1C29B}.Release|Any CPU.ActiveCfg = Release|Any CPU
		{39A05BB3-365C-421F-9DBB-FB38AAA1C29B}.Release|Any CPU.Build.0 = Release|Any CPU
		{9825243D-861E-453B-8A97-E2830D5E1F38}.Debug|Any CPU.ActiveCfg = Debug|Any CPU
		{9825243D-861E-453B-8A97-E2830D5E1F38}.Debug|Any CPU.Build.0 = Debug|Any CPU
		{9825243D-861E-453B-8A97-E2830D5E1F38}.Release|Any CPU.ActiveCfg = Release|Any CPU
		{9825243D-861E-453B-8A97-E2830D5E1F38}.Release|Any CPU.Build.0 = Release|Any CPU
		{C09BA531-4BDB-423E-B9F5-FD44FD8288B7}.Debug|Any CPU.ActiveCfg = Debug|Any CPU
		{C09BA531-4BDB-423E-B9F5-FD44FD8288B7}.Debug|Any CPU.Build.0 = Debug|Any CPU
		{C09BA531-4BDB-423E-B9F5-FD44FD8288B7}.Release|Any CPU.ActiveCfg = Release|Any CPU
		{C09BA531-4BDB-423E-B9F5-FD44FD8288B7}.Release|Any CPU.Build.0 = Release|Any CPU
		{38627C6D-28A4-4161-80A2-962C3C8ECB76}.Debug|Any CPU.ActiveCfg = Debug|Any CPU
		{38627C6D-28A4-4161-80A2-962C3C8ECB76}.Debug|Any CPU.Build.0 = Debug|Any CPU
		{38627C6D-28A4-4161-80A2-962C3C8ECB76}.Release|Any CPU.ActiveCfg = Release|Any CPU
		{38627C6D-28A4-4161-80A2-962C3C8ECB76}.Release|Any CPU.Build.0 = Release|Any CPU
		{B07C976D-4FDF-4C90-AB6F-ED4BB77AAACB}.Debug|Any CPU.ActiveCfg = Debug|Any CPU
		{B07C976D-4FDF-4C90-AB6F-ED4BB77AAACB}.Debug|Any CPU.Build.0 = Debug|Any CPU
		{B07C976D-4FDF-4C90-AB6F-ED4BB77AAACB}.Release|Any CPU.ActiveCfg = Release|Any CPU
		{B07C976D-4FDF-4C90-AB6F-ED4BB77AAACB}.Release|Any CPU.Build.0 = Release|Any CPU
	EndGlobalSection
EndGlobal
